// !$*UTF8*$!
{
	archiveVersion = 1;
	classes = {
	};
	objectVersion = 51;
	objects = {

/* Begin PBXBuildFile section */
		4C33A74D258934E54E81E3B7 /* Pods_mobile_WatchKit_App.framework in Frameworks */ = {isa = PBXBuildFile; fileRef = 825DA59184DCDBE49AD53B7D /* Pods_mobile_WatchKit_App.framework */; };
		875A34ED2364B42E815D2F59 /* Pods_mobile_WatchKit_Extension.framework in Frameworks */ = {isa = PBXBuildFile; fileRef = 8094EA3CBFA2EA5E200C28E1 /* Pods_mobile_WatchKit_Extension.framework */; };
		D6080E52242AAB5F0037C8C4 /* AppDelegate.swift in Sources */ = {isa = PBXBuildFile; fileRef = D6080E51242AAB5F0037C8C4 /* AppDelegate.swift */; };
		D6080E54242AAB5F0037C8C4 /* SceneDelegate.swift in Sources */ = {isa = PBXBuildFile; fileRef = D6080E53242AAB5F0037C8C4 /* SceneDelegate.swift */; };
		D6080E56242AAB5F0037C8C4 /* ContentView.swift in Sources */ = {isa = PBXBuildFile; fileRef = D6080E55242AAB5F0037C8C4 /* ContentView.swift */; };
		D6080E58242AAB600037C8C4 /* Assets.xcassets in Resources */ = {isa = PBXBuildFile; fileRef = D6080E57242AAB600037C8C4 /* Assets.xcassets */; };
		D6080E5B242AAB600037C8C4 /* Preview Assets.xcassets in Resources */ = {isa = PBXBuildFile; fileRef = D6080E5A242AAB600037C8C4 /* Preview Assets.xcassets */; };
		D6080E5E242AAB600037C8C4 /* LaunchScreen.storyboard in Resources */ = {isa = PBXBuildFile; fileRef = D6080E5C242AAB600037C8C4 /* LaunchScreen.storyboard */; };
		D6080E63242AAB610037C8C4 /* mobile WatchKit App.app in Embed Watch Content */ = {isa = PBXBuildFile; fileRef = D6080E62242AAB610037C8C4 /* mobile WatchKit App.app */; settings = {ATTRIBUTES = (RemoveHeadersOnCopy, ); }; };
		D6080E69242AAB610037C8C4 /* Interface.storyboard in Resources */ = {isa = PBXBuildFile; fileRef = D6080E67242AAB610037C8C4 /* Interface.storyboard */; };
		D6080E6B242AAB610037C8C4 /* Assets.xcassets in Resources */ = {isa = PBXBuildFile; fileRef = D6080E6A242AAB610037C8C4 /* Assets.xcassets */; };
		D6080E72242AAB610037C8C4 /* mobile WatchKit Extension.appex in Embed App Extensions */ = {isa = PBXBuildFile; fileRef = D6080E71242AAB610037C8C4 /* mobile WatchKit Extension.appex */; settings = {ATTRIBUTES = (RemoveHeadersOnCopy, ); }; };
		D6080E77242AAB610037C8C4 /* ContentView.swift in Sources */ = {isa = PBXBuildFile; fileRef = D6080E76242AAB610037C8C4 /* ContentView.swift */; };
		D6080E79242AAB610037C8C4 /* HostingController.swift in Sources */ = {isa = PBXBuildFile; fileRef = D6080E78242AAB610037C8C4 /* HostingController.swift */; };
		D6080E7B242AAB610037C8C4 /* ExtensionDelegate.swift in Sources */ = {isa = PBXBuildFile; fileRef = D6080E7A242AAB610037C8C4 /* ExtensionDelegate.swift */; };
		D6080E7D242AAB610037C8C4 /* NotificationController.swift in Sources */ = {isa = PBXBuildFile; fileRef = D6080E7C242AAB610037C8C4 /* NotificationController.swift */; };
		D6080E7F242AAB610037C8C4 /* NotificationView.swift in Sources */ = {isa = PBXBuildFile; fileRef = D6080E7E242AAB610037C8C4 /* NotificationView.swift */; };
		D6080E81242AAB610037C8C4 /* ComplicationController.swift in Sources */ = {isa = PBXBuildFile; fileRef = D6080E80242AAB610037C8C4 /* ComplicationController.swift */; };
		D6080E83242AAB620037C8C4 /* Assets.xcassets in Resources */ = {isa = PBXBuildFile; fileRef = D6080E82242AAB620037C8C4 /* Assets.xcassets */; };
		D6080E86242AAB620037C8C4 /* Preview Assets.xcassets in Resources */ = {isa = PBXBuildFile; fileRef = D6080E85242AAB620037C8C4 /* Preview Assets.xcassets */; };
		D6080E97242AABE80037C8C4 /* SensorView.swift in Sources */ = {isa = PBXBuildFile; fileRef = D6080E96242AABE80037C8C4 /* SensorView.swift */; };
		D60AE26E242B97C000E27E46 /* awsconfiguration.json in Resources */ = {isa = PBXBuildFile; fileRef = D60AE26C242B97C000E27E46 /* awsconfiguration.json */; };
		D60AE26F242B97C000E27E46 /* amplifyconfiguration.json in Resources */ = {isa = PBXBuildFile; fileRef = D60AE26D242B97C000E27E46 /* amplifyconfiguration.json */; };
		D65641D2242E34B40054BCD3 /* Pods_mobile.framework in Frameworks */ = {isa = PBXBuildFile; fileRef = 0C15C60F46FA27F1125FEDAD /* Pods_mobile.framework */; };
		D65641D3242E34B40054BCD3 /* Pods_mobile.framework in Embed Frameworks */ = {isa = PBXBuildFile; fileRef = 0C15C60F46FA27F1125FEDAD /* Pods_mobile.framework */; settings = {ATTRIBUTES = (CodeSignOnCopy, RemoveHeadersOnCopy, ); }; };
		D68BEB6724322AB000ECA711 /* SensorLogView.swift in Sources */ = {isa = PBXBuildFile; fileRef = D68BEB6624322AB000ECA711 /* SensorLogView.swift */; };
/* End PBXBuildFile section */

/* Begin PBXContainerItemProxy section */
		D6080E64242AAB610037C8C4 /* PBXContainerItemProxy */ = {
			isa = PBXContainerItemProxy;
			containerPortal = D6080E46242AAB5F0037C8C4 /* Project object */;
			proxyType = 1;
			remoteGlobalIDString = D6080E61242AAB610037C8C4;
			remoteInfo = "mobile WatchKit App";
		};
		D6080E73242AAB610037C8C4 /* PBXContainerItemProxy */ = {
			isa = PBXContainerItemProxy;
			containerPortal = D6080E46242AAB5F0037C8C4 /* Project object */;
			proxyType = 1;
			remoteGlobalIDString = D6080E70242AAB610037C8C4;
			remoteInfo = "mobile WatchKit Extension";
		};
/* End PBXContainerItemProxy section */

/* Begin PBXCopyFilesBuildPhase section */
		D6080E8E242AAB620037C8C4 /* Embed App Extensions */ = {
			isa = PBXCopyFilesBuildPhase;
			buildActionMask = 2147483647;
			dstPath = "";
			dstSubfolderSpec = 13;
			files = (
				D6080E72242AAB610037C8C4 /* mobile WatchKit Extension.appex in Embed App Extensions */,
			);
			name = "Embed App Extensions";
			runOnlyForDeploymentPostprocessing = 0;
		};
		D6080E92242AAB620037C8C4 /* Embed Watch Content */ = {
			isa = PBXCopyFilesBuildPhase;
			buildActionMask = 2147483647;
			dstPath = "$(CONTENTS_FOLDER_PATH)/Watch";
			dstSubfolderSpec = 16;
			files = (
				D6080E63242AAB610037C8C4 /* mobile WatchKit App.app in Embed Watch Content */,
			);
			name = "Embed Watch Content";
			runOnlyForDeploymentPostprocessing = 0;
		};
		D65641D4242E34B40054BCD3 /* Embed Frameworks */ = {
			isa = PBXCopyFilesBuildPhase;
			buildActionMask = 2147483647;
			dstPath = "";
			dstSubfolderSpec = 10;
			files = (
				D65641D3242E34B40054BCD3 /* Pods_mobile.framework in Embed Frameworks */,
			);
			name = "Embed Frameworks";
			runOnlyForDeploymentPostprocessing = 0;
		};
/* End PBXCopyFilesBuildPhase section */

/* Begin PBXFileReference section */
		0C15C60F46FA27F1125FEDAD /* Pods_mobile.framework */ = {isa = PBXFileReference; explicitFileType = wrapper.framework; includeInIndex = 0; path = Pods_mobile.framework; sourceTree = BUILT_PRODUCTS_DIR; };
		4ED390C693B7E7CE74CFA217 /* Pods-mobile WatchKit App.debug.xcconfig */ = {isa = PBXFileReference; includeInIndex = 1; lastKnownFileType = text.xcconfig; name = "Pods-mobile WatchKit App.debug.xcconfig"; path = "Target Support Files/Pods-mobile WatchKit App/Pods-mobile WatchKit App.debug.xcconfig"; sourceTree = "<group>"; };
		5E3D4B1AD20C66E76626D127 /* Pods-mobile WatchKit App.release.xcconfig */ = {isa = PBXFileReference; includeInIndex = 1; lastKnownFileType = text.xcconfig; name = "Pods-mobile WatchKit App.release.xcconfig"; path = "Target Support Files/Pods-mobile WatchKit App/Pods-mobile WatchKit App.release.xcconfig"; sourceTree = "<group>"; };
		8094EA3CBFA2EA5E200C28E1 /* Pods_mobile_WatchKit_Extension.framework */ = {isa = PBXFileReference; explicitFileType = wrapper.framework; includeInIndex = 0; path = Pods_mobile_WatchKit_Extension.framework; sourceTree = BUILT_PRODUCTS_DIR; };
		825DA59184DCDBE49AD53B7D /* Pods_mobile_WatchKit_App.framework */ = {isa = PBXFileReference; explicitFileType = wrapper.framework; includeInIndex = 0; path = Pods_mobile_WatchKit_App.framework; sourceTree = BUILT_PRODUCTS_DIR; };
		BE9C7F4712056353D0A730FD /* Pods-mobile.release.xcconfig */ = {isa = PBXFileReference; includeInIndex = 1; lastKnownFileType = text.xcconfig; name = "Pods-mobile.release.xcconfig"; path = "Target Support Files/Pods-mobile/Pods-mobile.release.xcconfig"; sourceTree = "<group>"; };
		BF580A967F5AED9903024E4B /* Pods-mobile.debug.xcconfig */ = {isa = PBXFileReference; includeInIndex = 1; lastKnownFileType = text.xcconfig; name = "Pods-mobile.debug.xcconfig"; path = "Target Support Files/Pods-mobile/Pods-mobile.debug.xcconfig"; sourceTree = "<group>"; };
		C2856306E67FC7995E5477A8 /* Pods-mobile WatchKit Extension.debug.xcconfig */ = {isa = PBXFileReference; includeInIndex = 1; lastKnownFileType = text.xcconfig; name = "Pods-mobile WatchKit Extension.debug.xcconfig"; path = "Target Support Files/Pods-mobile WatchKit Extension/Pods-mobile WatchKit Extension.debug.xcconfig"; sourceTree = "<group>"; };
		D6080E4E242AAB5F0037C8C4 /* mobile.app */ = {isa = PBXFileReference; explicitFileType = wrapper.application; includeInIndex = 0; path = mobile.app; sourceTree = BUILT_PRODUCTS_DIR; };
		D6080E51242AAB5F0037C8C4 /* AppDelegate.swift */ = {isa = PBXFileReference; lastKnownFileType = sourcecode.swift; path = AppDelegate.swift; sourceTree = "<group>"; };
		D6080E53242AAB5F0037C8C4 /* SceneDelegate.swift */ = {isa = PBXFileReference; lastKnownFileType = sourcecode.swift; path = SceneDelegate.swift; sourceTree = "<group>"; };
		D6080E55242AAB5F0037C8C4 /* ContentView.swift */ = {isa = PBXFileReference; lastKnownFileType = sourcecode.swift; path = ContentView.swift; sourceTree = "<group>"; };
		D6080E57242AAB600037C8C4 /* Assets.xcassets */ = {isa = PBXFileReference; lastKnownFileType = folder.assetcatalog; path = Assets.xcassets; sourceTree = "<group>"; };
		D6080E5A242AAB600037C8C4 /* Preview Assets.xcassets */ = {isa = PBXFileReference; lastKnownFileType = folder.assetcatalog; path = "Preview Assets.xcassets"; sourceTree = "<group>"; };
		D6080E5D242AAB600037C8C4 /* Base */ = {isa = PBXFileReference; lastKnownFileType = file.storyboard; name = Base; path = Base.lproj/LaunchScreen.storyboard; sourceTree = "<group>"; };
		D6080E5F242AAB600037C8C4 /* Info.plist */ = {isa = PBXFileReference; lastKnownFileType = text.plist.xml; path = Info.plist; sourceTree = "<group>"; };
		D6080E62242AAB610037C8C4 /* mobile WatchKit App.app */ = {isa = PBXFileReference; explicitFileType = wrapper.application; includeInIndex = 0; path = "mobile WatchKit App.app"; sourceTree = BUILT_PRODUCTS_DIR; };
		D6080E68242AAB610037C8C4 /* Base */ = {isa = PBXFileReference; lastKnownFileType = file.storyboard; name = Base; path = Base.lproj/Interface.storyboard; sourceTree = "<group>"; };
		D6080E6A242AAB610037C8C4 /* Assets.xcassets */ = {isa = PBXFileReference; lastKnownFileType = folder.assetcatalog; path = Assets.xcassets; sourceTree = "<group>"; };
		D6080E6C242AAB610037C8C4 /* Info.plist */ = {isa = PBXFileReference; lastKnownFileType = text.plist.xml; path = Info.plist; sourceTree = "<group>"; };
		D6080E71242AAB610037C8C4 /* mobile WatchKit Extension.appex */ = {isa = PBXFileReference; explicitFileType = "wrapper.app-extension"; includeInIndex = 0; path = "mobile WatchKit Extension.appex"; sourceTree = BUILT_PRODUCTS_DIR; };
		D6080E76242AAB610037C8C4 /* ContentView.swift */ = {isa = PBXFileReference; lastKnownFileType = sourcecode.swift; path = ContentView.swift; sourceTree = "<group>"; };
		D6080E78242AAB610037C8C4 /* HostingController.swift */ = {isa = PBXFileReference; lastKnownFileType = sourcecode.swift; path = HostingController.swift; sourceTree = "<group>"; };
		D6080E7A242AAB610037C8C4 /* ExtensionDelegate.swift */ = {isa = PBXFileReference; lastKnownFileType = sourcecode.swift; path = ExtensionDelegate.swift; sourceTree = "<group>"; };
		D6080E7C242AAB610037C8C4 /* NotificationController.swift */ = {isa = PBXFileReference; lastKnownFileType = sourcecode.swift; path = NotificationController.swift; sourceTree = "<group>"; };
		D6080E7E242AAB610037C8C4 /* NotificationView.swift */ = {isa = PBXFileReference; lastKnownFileType = sourcecode.swift; path = NotificationView.swift; sourceTree = "<group>"; };
		D6080E80242AAB610037C8C4 /* ComplicationController.swift */ = {isa = PBXFileReference; lastKnownFileType = sourcecode.swift; path = ComplicationController.swift; sourceTree = "<group>"; };
		D6080E82242AAB620037C8C4 /* Assets.xcassets */ = {isa = PBXFileReference; lastKnownFileType = folder.assetcatalog; path = Assets.xcassets; sourceTree = "<group>"; };
		D6080E85242AAB620037C8C4 /* Preview Assets.xcassets */ = {isa = PBXFileReference; lastKnownFileType = folder.assetcatalog; path = "Preview Assets.xcassets"; sourceTree = "<group>"; };
		D6080E87242AAB620037C8C4 /* Info.plist */ = {isa = PBXFileReference; lastKnownFileType = text.plist.xml; path = Info.plist; sourceTree = "<group>"; };
		D6080E88242AAB620037C8C4 /* PushNotificationPayload.apns */ = {isa = PBXFileReference; lastKnownFileType = text; path = PushNotificationPayload.apns; sourceTree = "<group>"; };
		D6080E96242AABE80037C8C4 /* SensorView.swift */ = {isa = PBXFileReference; lastKnownFileType = sourcecode.swift; path = SensorView.swift; sourceTree = "<group>"; };
		D60AE26C242B97C000E27E46 /* awsconfiguration.json */ = {isa = PBXFileReference; fileEncoding = 4; lastKnownFileType = text.json; path = awsconfiguration.json; sourceTree = "<group>"; };
		D60AE26D242B97C000E27E46 /* amplifyconfiguration.json */ = {isa = PBXFileReference; fileEncoding = 4; lastKnownFileType = text.json; path = amplifyconfiguration.json; sourceTree = "<group>"; };
		D68BEB6624322AB000ECA711 /* SensorLogView.swift */ = {isa = PBXFileReference; lastKnownFileType = sourcecode.swift; path = SensorLogView.swift; sourceTree = "<group>"; };
		F5CA5A23333C2006E78882C2 /* Pods-mobile WatchKit Extension.release.xcconfig */ = {isa = PBXFileReference; includeInIndex = 1; lastKnownFileType = text.xcconfig; name = "Pods-mobile WatchKit Extension.release.xcconfig"; path = "Target Support Files/Pods-mobile WatchKit Extension/Pods-mobile WatchKit Extension.release.xcconfig"; sourceTree = "<group>"; };
/* End PBXFileReference section */

/* Begin PBXFrameworksBuildPhase section */
		947E0DE121788B511D0C2E65 /* Frameworks */ = {
			isa = PBXFrameworksBuildPhase;
			buildActionMask = 2147483647;
			files = (
				4C33A74D258934E54E81E3B7 /* Pods_mobile_WatchKit_App.framework in Frameworks */,
			);
			runOnlyForDeploymentPostprocessing = 0;
		};
		D6080E4B242AAB5F0037C8C4 /* Frameworks */ = {
			isa = PBXFrameworksBuildPhase;
			buildActionMask = 2147483647;
			files = (
				D65641D2242E34B40054BCD3 /* Pods_mobile.framework in Frameworks */,
			);
			runOnlyForDeploymentPostprocessing = 0;
		};
		D6080E6E242AAB610037C8C4 /* Frameworks */ = {
			isa = PBXFrameworksBuildPhase;
			buildActionMask = 2147483647;
			files = (
				875A34ED2364B42E815D2F59 /* Pods_mobile_WatchKit_Extension.framework in Frameworks */,
			);
			runOnlyForDeploymentPostprocessing = 0;
		};
/* End PBXFrameworksBuildPhase section */

/* Begin PBXGroup section */
		7FEE5903736342C3AD614626 /* Frameworks */ = {
			isa = PBXGroup;
			children = (
				0C15C60F46FA27F1125FEDAD /* Pods_mobile.framework */,
				825DA59184DCDBE49AD53B7D /* Pods_mobile_WatchKit_App.framework */,
				8094EA3CBFA2EA5E200C28E1 /* Pods_mobile_WatchKit_Extension.framework */,
			);
			name = Frameworks;
			sourceTree = "<group>";
		};
		A576D33D2802831D3E58A95A /* Pods */ = {
			isa = PBXGroup;
			children = (
				BF580A967F5AED9903024E4B /* Pods-mobile.debug.xcconfig */,
				BE9C7F4712056353D0A730FD /* Pods-mobile.release.xcconfig */,
				4ED390C693B7E7CE74CFA217 /* Pods-mobile WatchKit App.debug.xcconfig */,
				5E3D4B1AD20C66E76626D127 /* Pods-mobile WatchKit App.release.xcconfig */,
				C2856306E67FC7995E5477A8 /* Pods-mobile WatchKit Extension.debug.xcconfig */,
				F5CA5A23333C2006E78882C2 /* Pods-mobile WatchKit Extension.release.xcconfig */,
			);
			path = Pods;
			sourceTree = "<group>";
		};
		D6080E45242AAB5F0037C8C4 = {
			isa = PBXGroup;
			children = (
				D60AE26D242B97C000E27E46 /* amplifyconfiguration.json */,
				D60AE26C242B97C000E27E46 /* awsconfiguration.json */,
				D6080E50242AAB5F0037C8C4 /* mobile */,
				D6080E66242AAB610037C8C4 /* mobile WatchKit App */,
				D6080E75242AAB610037C8C4 /* mobile WatchKit Extension */,
				D6080E4F242AAB5F0037C8C4 /* Products */,
				A576D33D2802831D3E58A95A /* Pods */,
				7FEE5903736342C3AD614626 /* Frameworks */,
			);
			sourceTree = "<group>";
		};
		D6080E4F242AAB5F0037C8C4 /* Products */ = {
			isa = PBXGroup;
			children = (
				D6080E4E242AAB5F0037C8C4 /* mobile.app */,
				D6080E62242AAB610037C8C4 /* mobile WatchKit App.app */,
				D6080E71242AAB610037C8C4 /* mobile WatchKit Extension.appex */,
			);
			name = Products;
			sourceTree = "<group>";
		};
		D6080E50242AAB5F0037C8C4 /* mobile */ = {
			isa = PBXGroup;
			children = (
				D6080E51242AAB5F0037C8C4 /* AppDelegate.swift */,
				D6080E53242AAB5F0037C8C4 /* SceneDelegate.swift */,
				D6080E55242AAB5F0037C8C4 /* ContentView.swift */,
				D68BEB6624322AB000ECA711 /* SensorLogView.swift */,
				D6080E57242AAB600037C8C4 /* Assets.xcassets */,
				D6080E5C242AAB600037C8C4 /* LaunchScreen.storyboard */,
				D6080E5F242AAB600037C8C4 /* Info.plist */,
				D6080E59242AAB600037C8C4 /* Preview Content */,
			);
			path = mobile;
			sourceTree = "<group>";
		};
		D6080E59242AAB600037C8C4 /* Preview Content */ = {
			isa = PBXGroup;
			children = (
				D6080E5A242AAB600037C8C4 /* Preview Assets.xcassets */,
			);
			path = "Preview Content";
			sourceTree = "<group>";
		};
		D6080E66242AAB610037C8C4 /* mobile WatchKit App */ = {
			isa = PBXGroup;
			children = (
				D6080E67242AAB610037C8C4 /* Interface.storyboard */,
				D6080E6A242AAB610037C8C4 /* Assets.xcassets */,
				D6080E6C242AAB610037C8C4 /* Info.plist */,
			);
			path = "mobile WatchKit App";
			sourceTree = "<group>";
		};
		D6080E75242AAB610037C8C4 /* mobile WatchKit Extension */ = {
			isa = PBXGroup;
			children = (
				D6080E76242AAB610037C8C4 /* ContentView.swift */,
				D6080E96242AABE80037C8C4 /* SensorView.swift */,
				D6080E78242AAB610037C8C4 /* HostingController.swift */,
				D6080E7A242AAB610037C8C4 /* ExtensionDelegate.swift */,
				D6080E7C242AAB610037C8C4 /* NotificationController.swift */,
				D6080E7E242AAB610037C8C4 /* NotificationView.swift */,
				D6080E80242AAB610037C8C4 /* ComplicationController.swift */,
				D6080E82242AAB620037C8C4 /* Assets.xcassets */,
				D6080E87242AAB620037C8C4 /* Info.plist */,
				D6080E88242AAB620037C8C4 /* PushNotificationPayload.apns */,
				D6080E84242AAB620037C8C4 /* Preview Content */,
			);
			path = "mobile WatchKit Extension";
			sourceTree = "<group>";
		};
		D6080E84242AAB620037C8C4 /* Preview Content */ = {
			isa = PBXGroup;
			children = (
				D6080E85242AAB620037C8C4 /* Preview Assets.xcassets */,
			);
			path = "Preview Content";
			sourceTree = "<group>";
		};
/* End PBXGroup section */

/* Begin PBXNativeTarget section */
		D6080E4D242AAB5F0037C8C4 /* mobile */ = {
			isa = PBXNativeTarget;
			buildConfigurationList = D6080E93242AAB620037C8C4 /* Build configuration list for PBXNativeTarget "mobile" */;
			buildPhases = (
				7CABAD62AD8D0B116CE48722 /* [CP] Check Pods Manifest.lock */,
				D6080E4A242AAB5F0037C8C4 /* Sources */,
				D6080E4B242AAB5F0037C8C4 /* Frameworks */,
				D6080E4C242AAB5F0037C8C4 /* Resources */,
				D6080E92242AAB620037C8C4 /* Embed Watch Content */,
				5764F34ABFA47DE8E67E93F7 /* [CP] Embed Pods Frameworks */,
				D65641D4242E34B40054BCD3 /* Embed Frameworks */,
			);
			buildRules = (
			);
			dependencies = (
				D6080E65242AAB610037C8C4 /* PBXTargetDependency */,
			);
			name = mobile;
			productName = mobile;
			productReference = D6080E4E242AAB5F0037C8C4 /* mobile.app */;
			productType = "com.apple.product-type.application";
		};
		D6080E61242AAB610037C8C4 /* mobile WatchKit App */ = {
			isa = PBXNativeTarget;
			buildConfigurationList = D6080E8F242AAB620037C8C4 /* Build configuration list for PBXNativeTarget "mobile WatchKit App" */;
			buildPhases = (
				F9FCFA5EC35612A2CCCB1244 /* [CP] Check Pods Manifest.lock */,
				D6080E60242AAB610037C8C4 /* Resources */,
				D6080E8E242AAB620037C8C4 /* Embed App Extensions */,
				947E0DE121788B511D0C2E65 /* Frameworks */,
			);
			buildRules = (
			);
			dependencies = (
				D6080E74242AAB610037C8C4 /* PBXTargetDependency */,
			);
			name = "mobile WatchKit App";
			productName = "mobile WatchKit App";
			productReference = D6080E62242AAB610037C8C4 /* mobile WatchKit App.app */;
			productType = "com.apple.product-type.application.watchapp2";
		};
		D6080E70242AAB610037C8C4 /* mobile WatchKit Extension */ = {
			isa = PBXNativeTarget;
			buildConfigurationList = D6080E8B242AAB620037C8C4 /* Build configuration list for PBXNativeTarget "mobile WatchKit Extension" */;
			buildPhases = (
				9BCEC811A7903F5CB2EB717E /* [CP] Check Pods Manifest.lock */,
				D6080E6D242AAB610037C8C4 /* Sources */,
				D6080E6E242AAB610037C8C4 /* Frameworks */,
				D6080E6F242AAB610037C8C4 /* Resources */,
			);
			buildRules = (
			);
			dependencies = (
			);
			name = "mobile WatchKit Extension";
			productName = "mobile WatchKit Extension";
			productReference = D6080E71242AAB610037C8C4 /* mobile WatchKit Extension.appex */;
			productType = "com.apple.product-type.watchkit2-extension";
		};
/* End PBXNativeTarget section */

/* Begin PBXProject section */
		D6080E46242AAB5F0037C8C4 /* Project object */ = {
			isa = PBXProject;
			attributes = {
				LastSwiftUpdateCheck = 1130;
				LastUpgradeCheck = 1130;
				ORGANIZATIONNAME = "Collin Prather";
				TargetAttributes = {
					D6080E4D242AAB5F0037C8C4 = {
						CreatedOnToolsVersion = 11.3.1;
					};
					D6080E61242AAB610037C8C4 = {
						CreatedOnToolsVersion = 11.3.1;
					};
					D6080E70242AAB610037C8C4 = {
						CreatedOnToolsVersion = 11.3.1;
					};
				};
			};
			buildConfigurationList = D6080E49242AAB5F0037C8C4 /* Build configuration list for PBXProject "mobile" */;
			compatibilityVersion = "Xcode 9.3";
			developmentRegion = en;
			hasScannedForEncodings = 0;
			knownRegions = (
				en,
				Base,
			);
			mainGroup = D6080E45242AAB5F0037C8C4;
			productRefGroup = D6080E4F242AAB5F0037C8C4 /* Products */;
			projectDirPath = "";
			projectRoot = "";
			targets = (
				D6080E4D242AAB5F0037C8C4 /* mobile */,
				D6080E61242AAB610037C8C4 /* mobile WatchKit App */,
				D6080E70242AAB610037C8C4 /* mobile WatchKit Extension */,
			);
		};
/* End PBXProject section */

/* Begin PBXResourcesBuildPhase section */
		D6080E4C242AAB5F0037C8C4 /* Resources */ = {
			isa = PBXResourcesBuildPhase;
			buildActionMask = 2147483647;
			files = (
				D60AE26E242B97C000E27E46 /* awsconfiguration.json in Resources */,
				D6080E5E242AAB600037C8C4 /* LaunchScreen.storyboard in Resources */,
				D60AE26F242B97C000E27E46 /* amplifyconfiguration.json in Resources */,
				D6080E5B242AAB600037C8C4 /* Preview Assets.xcassets in Resources */,
				D6080E58242AAB600037C8C4 /* Assets.xcassets in Resources */,
			);
			runOnlyForDeploymentPostprocessing = 0;
		};
		D6080E60242AAB610037C8C4 /* Resources */ = {
			isa = PBXResourcesBuildPhase;
			buildActionMask = 2147483647;
			files = (
				D6080E6B242AAB610037C8C4 /* Assets.xcassets in Resources */,
				D6080E69242AAB610037C8C4 /* Interface.storyboard in Resources */,
			);
			runOnlyForDeploymentPostprocessing = 0;
		};
		D6080E6F242AAB610037C8C4 /* Resources */ = {
			isa = PBXResourcesBuildPhase;
			buildActionMask = 2147483647;
			files = (
				D6080E86242AAB620037C8C4 /* Preview Assets.xcassets in Resources */,
				D6080E83242AAB620037C8C4 /* Assets.xcassets in Resources */,
			);
			runOnlyForDeploymentPostprocessing = 0;
		};
/* End PBXResourcesBuildPhase section */

/* Begin PBXShellScriptBuildPhase section */
		5764F34ABFA47DE8E67E93F7 /* [CP] Embed Pods Frameworks */ = {
			isa = PBXShellScriptBuildPhase;
			buildActionMask = 2147483647;
			files = (
			);
			inputFileListPaths = (
				"${PODS_ROOT}/Target Support Files/Pods-mobile/Pods-mobile-frameworks-${CONFIGURATION}-input-files.xcfilelist",
			);
			name = "[CP] Embed Pods Frameworks";
			outputFileListPaths = (
				"${PODS_ROOT}/Target Support Files/Pods-mobile/Pods-mobile-frameworks-${CONFIGURATION}-output-files.xcfilelist",
			);
			runOnlyForDeploymentPostprocessing = 0;
			shellPath = /bin/sh;
			shellScript = "\"${PODS_ROOT}/Target Support Files/Pods-mobile/Pods-mobile-frameworks.sh\"\n";
			showEnvVarsInLog = 0;
		};
		7CABAD62AD8D0B116CE48722 /* [CP] Check Pods Manifest.lock */ = {
			isa = PBXShellScriptBuildPhase;
			buildActionMask = 2147483647;
			files = (
			);
			inputFileListPaths = (
			);
			inputPaths = (
				"${PODS_PODFILE_DIR_PATH}/Podfile.lock",
				"${PODS_ROOT}/Manifest.lock",
			);
			name = "[CP] Check Pods Manifest.lock";
			outputFileListPaths = (
			);
			outputPaths = (
				"$(DERIVED_FILE_DIR)/Pods-mobile-checkManifestLockResult.txt",
			);
			runOnlyForDeploymentPostprocessing = 0;
			shellPath = /bin/sh;
			shellScript = "diff \"${PODS_PODFILE_DIR_PATH}/Podfile.lock\" \"${PODS_ROOT}/Manifest.lock\" > /dev/null\nif [ $? != 0 ] ; then\n    # print error to STDERR\n    echo \"error: The sandbox is not in sync with the Podfile.lock. Run 'pod install' or update your CocoaPods installation.\" >&2\n    exit 1\nfi\n# This output is used by Xcode 'outputs' to avoid re-running this script phase.\necho \"SUCCESS\" > \"${SCRIPT_OUTPUT_FILE_0}\"\n";
			showEnvVarsInLog = 0;
		};
		9BCEC811A7903F5CB2EB717E /* [CP] Check Pods Manifest.lock */ = {
			isa = PBXShellScriptBuildPhase;
			buildActionMask = 2147483647;
			files = (
			);
			inputFileListPaths = (
			);
			inputPaths = (
				"${PODS_PODFILE_DIR_PATH}/Podfile.lock",
				"${PODS_ROOT}/Manifest.lock",
			);
			name = "[CP] Check Pods Manifest.lock";
			outputFileListPaths = (
			);
			outputPaths = (
				"$(DERIVED_FILE_DIR)/Pods-mobile WatchKit Extension-checkManifestLockResult.txt",
			);
			runOnlyForDeploymentPostprocessing = 0;
			shellPath = /bin/sh;
			shellScript = "diff \"${PODS_PODFILE_DIR_PATH}/Podfile.lock\" \"${PODS_ROOT}/Manifest.lock\" > /dev/null\nif [ $? != 0 ] ; then\n    # print error to STDERR\n    echo \"error: The sandbox is not in sync with the Podfile.lock. Run 'pod install' or update your CocoaPods installation.\" >&2\n    exit 1\nfi\n# This output is used by Xcode 'outputs' to avoid re-running this script phase.\necho \"SUCCESS\" > \"${SCRIPT_OUTPUT_FILE_0}\"\n";
			showEnvVarsInLog = 0;
		};
		F9FCFA5EC35612A2CCCB1244 /* [CP] Check Pods Manifest.lock */ = {
			isa = PBXShellScriptBuildPhase;
			buildActionMask = 2147483647;
			files = (
			);
			inputFileListPaths = (
			);
			inputPaths = (
				"${PODS_PODFILE_DIR_PATH}/Podfile.lock",
				"${PODS_ROOT}/Manifest.lock",
			);
			name = "[CP] Check Pods Manifest.lock";
			outputFileListPaths = (
			);
			outputPaths = (
				"$(DERIVED_FILE_DIR)/Pods-mobile WatchKit App-checkManifestLockResult.txt",
			);
			runOnlyForDeploymentPostprocessing = 0;
			shellPath = /bin/sh;
			shellScript = "diff \"${PODS_PODFILE_DIR_PATH}/Podfile.lock\" \"${PODS_ROOT}/Manifest.lock\" > /dev/null\nif [ $? != 0 ] ; then\n    # print error to STDERR\n    echo \"error: The sandbox is not in sync with the Podfile.lock. Run 'pod install' or update your CocoaPods installation.\" >&2\n    exit 1\nfi\n# This output is used by Xcode 'outputs' to avoid re-running this script phase.\necho \"SUCCESS\" > \"${SCRIPT_OUTPUT_FILE_0}\"\n";
			showEnvVarsInLog = 0;
		};
/* End PBXShellScriptBuildPhase section */

/* Begin PBXSourcesBuildPhase section */
		D6080E4A242AAB5F0037C8C4 /* Sources */ = {
			isa = PBXSourcesBuildPhase;
			buildActionMask = 2147483647;
			files = (
				D6080E52242AAB5F0037C8C4 /* AppDelegate.swift in Sources */,
				D68BEB6724322AB000ECA711 /* SensorLogView.swift in Sources */,
				D6080E54242AAB5F0037C8C4 /* SceneDelegate.swift in Sources */,
				D6080E56242AAB5F0037C8C4 /* ContentView.swift in Sources */,
			);
			runOnlyForDeploymentPostprocessing = 0;
		};
		D6080E6D242AAB610037C8C4 /* Sources */ = {
			isa = PBXSourcesBuildPhase;
			buildActionMask = 2147483647;
			files = (
				D6080E79242AAB610037C8C4 /* HostingController.swift in Sources */,
				D6080E97242AABE80037C8C4 /* SensorView.swift in Sources */,
				D6080E77242AAB610037C8C4 /* ContentView.swift in Sources */,
				D6080E7D242AAB610037C8C4 /* NotificationController.swift in Sources */,
				D6080E7B242AAB610037C8C4 /* ExtensionDelegate.swift in Sources */,
				D6080E7F242AAB610037C8C4 /* NotificationView.swift in Sources */,
				D6080E81242AAB610037C8C4 /* ComplicationController.swift in Sources */,
			);
			runOnlyForDeploymentPostprocessing = 0;
		};
/* End PBXSourcesBuildPhase section */

/* Begin PBXTargetDependency section */
		D6080E65242AAB610037C8C4 /* PBXTargetDependency */ = {
			isa = PBXTargetDependency;
			target = D6080E61242AAB610037C8C4 /* mobile WatchKit App */;
			targetProxy = D6080E64242AAB610037C8C4 /* PBXContainerItemProxy */;
		};
		D6080E74242AAB610037C8C4 /* PBXTargetDependency */ = {
			isa = PBXTargetDependency;
			target = D6080E70242AAB610037C8C4 /* mobile WatchKit Extension */;
			targetProxy = D6080E73242AAB610037C8C4 /* PBXContainerItemProxy */;
		};
/* End PBXTargetDependency section */

/* Begin PBXVariantGroup section */
		D6080E5C242AAB600037C8C4 /* LaunchScreen.storyboard */ = {
			isa = PBXVariantGroup;
			children = (
				D6080E5D242AAB600037C8C4 /* Base */,
			);
			name = LaunchScreen.storyboard;
			sourceTree = "<group>";
		};
		D6080E67242AAB610037C8C4 /* Interface.storyboard */ = {
			isa = PBXVariantGroup;
			children = (
				D6080E68242AAB610037C8C4 /* Base */,
			);
			name = Interface.storyboard;
			sourceTree = "<group>";
		};
/* End PBXVariantGroup section */

/* Begin XCBuildConfiguration section */
		D6080E89242AAB620037C8C4 /* Debug */ = {
			isa = XCBuildConfiguration;
			buildSettings = {
				ALWAYS_SEARCH_USER_PATHS = NO;
				CLANG_ANALYZER_NONNULL = YES;
				CLANG_ANALYZER_NUMBER_OBJECT_CONVERSION = YES_AGGRESSIVE;
				CLANG_CXX_LANGUAGE_STANDARD = "gnu++14";
				CLANG_CXX_LIBRARY = "libc++";
				CLANG_ENABLE_MODULES = YES;
				CLANG_ENABLE_OBJC_ARC = YES;
				CLANG_ENABLE_OBJC_WEAK = YES;
				CLANG_WARN_BLOCK_CAPTURE_AUTORELEASING = YES;
				CLANG_WARN_BOOL_CONVERSION = YES;
				CLANG_WARN_COMMA = YES;
				CLANG_WARN_CONSTANT_CONVERSION = YES;
				CLANG_WARN_DEPRECATED_OBJC_IMPLEMENTATIONS = YES;
				CLANG_WARN_DIRECT_OBJC_ISA_USAGE = YES_ERROR;
				CLANG_WARN_DOCUMENTATION_COMMENTS = YES;
				CLANG_WARN_EMPTY_BODY = YES;
				CLANG_WARN_ENUM_CONVERSION = YES;
				CLANG_WARN_INFINITE_RECURSION = YES;
				CLANG_WARN_INT_CONVERSION = YES;
				CLANG_WARN_NON_LITERAL_NULL_CONVERSION = YES;
				CLANG_WARN_OBJC_IMPLICIT_RETAIN_SELF = YES;
				CLANG_WARN_OBJC_LITERAL_CONVERSION = YES;
				CLANG_WARN_OBJC_ROOT_CLASS = YES_ERROR;
				CLANG_WARN_RANGE_LOOP_ANALYSIS = YES;
				CLANG_WARN_STRICT_PROTOTYPES = YES;
				CLANG_WARN_SUSPICIOUS_MOVE = YES;
				CLANG_WARN_UNGUARDED_AVAILABILITY = YES_AGGRESSIVE;
				CLANG_WARN_UNREACHABLE_CODE = YES;
				CLANG_WARN__DUPLICATE_METHOD_MATCH = YES;
				COPY_PHASE_STRIP = NO;
				DEBUG_INFORMATION_FORMAT = dwarf;
				ENABLE_STRICT_OBJC_MSGSEND = YES;
				ENABLE_TESTABILITY = YES;
				GCC_C_LANGUAGE_STANDARD = gnu11;
				GCC_DYNAMIC_NO_PIC = NO;
				GCC_NO_COMMON_BLOCKS = YES;
				GCC_OPTIMIZATION_LEVEL = 0;
				GCC_PREPROCESSOR_DEFINITIONS = (
					"DEBUG=1",
					"$(inherited)",
				);
				GCC_WARN_64_TO_32_BIT_CONVERSION = YES;
				GCC_WARN_ABOUT_RETURN_TYPE = YES_ERROR;
				GCC_WARN_UNDECLARED_SELECTOR = YES;
				GCC_WARN_UNINITIALIZED_AUTOS = YES_AGGRESSIVE;
				GCC_WARN_UNUSED_FUNCTION = YES;
				GCC_WARN_UNUSED_VARIABLE = YES;
				IPHONEOS_DEPLOYMENT_TARGET = 13.2;
				MTL_ENABLE_DEBUG_INFO = INCLUDE_SOURCE;
				MTL_FAST_MATH = YES;
				ONLY_ACTIVE_ARCH = YES;
				SDKROOT = iphoneos;
				SWIFT_ACTIVE_COMPILATION_CONDITIONS = DEBUG;
				SWIFT_OPTIMIZATION_LEVEL = "-Onone";
			};
			name = Debug;
		};
		D6080E8A242AAB620037C8C4 /* Release */ = {
			isa = XCBuildConfiguration;
			buildSettings = {
				ALWAYS_SEARCH_USER_PATHS = NO;
				CLANG_ANALYZER_NONNULL = YES;
				CLANG_ANALYZER_NUMBER_OBJECT_CONVERSION = YES_AGGRESSIVE;
				CLANG_CXX_LANGUAGE_STANDARD = "gnu++14";
				CLANG_CXX_LIBRARY = "libc++";
				CLANG_ENABLE_MODULES = YES;
				CLANG_ENABLE_OBJC_ARC = YES;
				CLANG_ENABLE_OBJC_WEAK = YES;
				CLANG_WARN_BLOCK_CAPTURE_AUTORELEASING = YES;
				CLANG_WARN_BOOL_CONVERSION = YES;
				CLANG_WARN_COMMA = YES;
				CLANG_WARN_CONSTANT_CONVERSION = YES;
				CLANG_WARN_DEPRECATED_OBJC_IMPLEMENTATIONS = YES;
				CLANG_WARN_DIRECT_OBJC_ISA_USAGE = YES_ERROR;
				CLANG_WARN_DOCUMENTATION_COMMENTS = YES;
				CLANG_WARN_EMPTY_BODY = YES;
				CLANG_WARN_ENUM_CONVERSION = YES;
				CLANG_WARN_INFINITE_RECURSION = YES;
				CLANG_WARN_INT_CONVERSION = YES;
				CLANG_WARN_NON_LITERAL_NULL_CONVERSION = YES;
				CLANG_WARN_OBJC_IMPLICIT_RETAIN_SELF = YES;
				CLANG_WARN_OBJC_LITERAL_CONVERSION = YES;
				CLANG_WARN_OBJC_ROOT_CLASS = YES_ERROR;
				CLANG_WARN_RANGE_LOOP_ANALYSIS = YES;
				CLANG_WARN_STRICT_PROTOTYPES = YES;
				CLANG_WARN_SUSPICIOUS_MOVE = YES;
				CLANG_WARN_UNGUARDED_AVAILABILITY = YES_AGGRESSIVE;
				CLANG_WARN_UNREACHABLE_CODE = YES;
				CLANG_WARN__DUPLICATE_METHOD_MATCH = YES;
				COPY_PHASE_STRIP = NO;
				DEBUG_INFORMATION_FORMAT = "dwarf-with-dsym";
				ENABLE_NS_ASSERTIONS = NO;
				ENABLE_STRICT_OBJC_MSGSEND = YES;
				GCC_C_LANGUAGE_STANDARD = gnu11;
				GCC_NO_COMMON_BLOCKS = YES;
				GCC_WARN_64_TO_32_BIT_CONVERSION = YES;
				GCC_WARN_ABOUT_RETURN_TYPE = YES_ERROR;
				GCC_WARN_UNDECLARED_SELECTOR = YES;
				GCC_WARN_UNINITIALIZED_AUTOS = YES_AGGRESSIVE;
				GCC_WARN_UNUSED_FUNCTION = YES;
				GCC_WARN_UNUSED_VARIABLE = YES;
				IPHONEOS_DEPLOYMENT_TARGET = 13.2;
				MTL_ENABLE_DEBUG_INFO = NO;
				MTL_FAST_MATH = YES;
				SDKROOT = iphoneos;
				SWIFT_COMPILATION_MODE = wholemodule;
				SWIFT_OPTIMIZATION_LEVEL = "-O";
				VALIDATE_PRODUCT = YES;
			};
			name = Release;
		};
		D6080E8C242AAB620037C8C4 /* Debug */ = {
			isa = XCBuildConfiguration;
			baseConfigurationReference = C2856306E67FC7995E5477A8 /* Pods-mobile WatchKit Extension.debug.xcconfig */;
			buildSettings = {
				ASSETCATALOG_COMPILER_COMPLICATION_NAME = Complication;
				CODE_SIGN_STYLE = Automatic;
				DEVELOPMENT_ASSET_PATHS = "\"mobile WatchKit Extension/Preview Content\"";
				DEVELOPMENT_TEAM = C6B4G9YERM;
				ENABLE_PREVIEWS = YES;
				INFOPLIST_FILE = "mobile WatchKit Extension/Info.plist";
				LD_RUNPATH_SEARCH_PATHS = (
					"$(inherited)",
					"@executable_path/Frameworks",
					"@executable_path/../../Frameworks",
				);
				PRODUCT_BUNDLE_IDENTIFIER = usfMSDS.mobile.watchkitapp.watchkitextension;
				PRODUCT_NAME = "${TARGET_NAME}";
				SDKROOT = watchos;
				SKIP_INSTALL = YES;
				SWIFT_VERSION = 5.0;
				TARGETED_DEVICE_FAMILY = 4;
				WATCHOS_DEPLOYMENT_TARGET = 6.1;
			};
			name = Debug;
		};
		D6080E8D242AAB620037C8C4 /* Release */ = {
			isa = XCBuildConfiguration;
			baseConfigurationReference = F5CA5A23333C2006E78882C2 /* Pods-mobile WatchKit Extension.release.xcconfig */;
			buildSettings = {
				ASSETCATALOG_COMPILER_COMPLICATION_NAME = Complication;
				CODE_SIGN_STYLE = Automatic;
				DEVELOPMENT_ASSET_PATHS = "\"mobile WatchKit Extension/Preview Content\"";
				DEVELOPMENT_TEAM = C6B4G9YERM;
				ENABLE_PREVIEWS = YES;
				INFOPLIST_FILE = "mobile WatchKit Extension/Info.plist";
				LD_RUNPATH_SEARCH_PATHS = (
					"$(inherited)",
					"@executable_path/Frameworks",
					"@executable_path/../../Frameworks",
				);
				PRODUCT_BUNDLE_IDENTIFIER = usfMSDS.mobile.watchkitapp.watchkitextension;
				PRODUCT_NAME = "${TARGET_NAME}";
				SDKROOT = watchos;
				SKIP_INSTALL = YES;
				SWIFT_VERSION = 5.0;
				TARGETED_DEVICE_FAMILY = 4;
				WATCHOS_DEPLOYMENT_TARGET = 6.1;
			};
			name = Release;
		};
		D6080E90242AAB620037C8C4 /* Debug */ = {
			isa = XCBuildConfiguration;
			baseConfigurationReference = 4ED390C693B7E7CE74CFA217 /* Pods-mobile WatchKit App.debug.xcconfig */;
			buildSettings = {
				ALWAYS_EMBED_SWIFT_STANDARD_LIBRARIES = YES;
				ASSETCATALOG_COMPILER_APPICON_NAME = AppIcon;
				CODE_SIGN_STYLE = Automatic;
				DEVELOPMENT_TEAM = C6B4G9YERM;
				IBSC_MODULE = mobile_WatchKit_Extension;
				INFOPLIST_FILE = "mobile WatchKit App/Info.plist";
				PRODUCT_BUNDLE_IDENTIFIER = usfMSDS.mobile.watchkitapp;
				PRODUCT_NAME = "$(TARGET_NAME)";
				SDKROOT = watchos;
				SKIP_INSTALL = YES;
				SWIFT_VERSION = 5.0;
				TARGETED_DEVICE_FAMILY = 4;
				WATCHOS_DEPLOYMENT_TARGET = 6.1;
			};
			name = Debug;
		};
		D6080E91242AAB620037C8C4 /* Release */ = {
			isa = XCBuildConfiguration;
			baseConfigurationReference = 5E3D4B1AD20C66E76626D127 /* Pods-mobile WatchKit App.release.xcconfig */;
			buildSettings = {
				ALWAYS_EMBED_SWIFT_STANDARD_LIBRARIES = YES;
				ASSETCATALOG_COMPILER_APPICON_NAME = AppIcon;
				CODE_SIGN_STYLE = Automatic;
				DEVELOPMENT_TEAM = C6B4G9YERM;
				IBSC_MODULE = mobile_WatchKit_Extension;
				INFOPLIST_FILE = "mobile WatchKit App/Info.plist";
				PRODUCT_BUNDLE_IDENTIFIER = usfMSDS.mobile.watchkitapp;
				PRODUCT_NAME = "$(TARGET_NAME)";
				SDKROOT = watchos;
				SKIP_INSTALL = YES;
				SWIFT_VERSION = 5.0;
				TARGETED_DEVICE_FAMILY = 4;
				WATCHOS_DEPLOYMENT_TARGET = 6.1;
			};
			name = Release;
		};
		D6080E94242AAB620037C8C4 /* Debug */ = {
			isa = XCBuildConfiguration;
			baseConfigurationReference = BF580A967F5AED9903024E4B /* Pods-mobile.debug.xcconfig */;
			buildSettings = {
				ASSETCATALOG_COMPILER_APPICON_NAME = AppIcon;
				CODE_SIGN_STYLE = Automatic;
				DEVELOPMENT_ASSET_PATHS = "\"mobile/Preview Content\"";
				DEVELOPMENT_TEAM = C6B4G9YERM;
				ENABLE_PREVIEWS = YES;
				INFOPLIST_FILE = mobile/Info.plist;
				LD_RUNPATH_SEARCH_PATHS = (
					"$(inherited)",
					"@executable_path/Frameworks",
				);
				PRODUCT_BUNDLE_IDENTIFIER = usfMSDS.mobile;
				PRODUCT_NAME = "$(TARGET_NAME)";
				SWIFT_VERSION = 5.0;
				TARGETED_DEVICE_FAMILY = "1,2";
			};
			name = Debug;
		};
		D6080E95242AAB620037C8C4 /* Release */ = {
			isa = XCBuildConfiguration;
			baseConfigurationReference = BE9C7F4712056353D0A730FD /* Pods-mobile.release.xcconfig */;
			buildSettings = {
				ASSETCATALOG_COMPILER_APPICON_NAME = AppIcon;
				CODE_SIGN_STYLE = Automatic;
				DEVELOPMENT_ASSET_PATHS = "\"mobile/Preview Content\"";
				DEVELOPMENT_TEAM = C6B4G9YERM;
				ENABLE_PREVIEWS = YES;
				INFOPLIST_FILE = mobile/Info.plist;
				LD_RUNPATH_SEARCH_PATHS = (
					"$(inherited)",
					"@executable_path/Frameworks",
				);
				PRODUCT_BUNDLE_IDENTIFIER = usfMSDS.mobile;
				PRODUCT_NAME = "$(TARGET_NAME)";
				SWIFT_VERSION = 5.0;
				TARGETED_DEVICE_FAMILY = "1,2";
			};
			name = Release;
		};
/* End XCBuildConfiguration section */

/* Begin XCConfigurationList section */
		D6080E49242AAB5F0037C8C4 /* Build configuration list for PBXProject "mobile" */ = {
			isa = XCConfigurationList;
			buildConfigurations = (
				D6080E89242AAB620037C8C4 /* Debug */,
				D6080E8A242AAB620037C8C4 /* Release */,
			);
			defaultConfigurationIsVisible = 0;
			defaultConfigurationName = Release;
		};
		D6080E8B242AAB620037C8C4 /* Build configuration list for PBXNativeTarget "mobile WatchKit Extension" */ = {
			isa = XCConfigurationList;
			buildConfigurations = (
				D6080E8C242AAB620037C8C4 /* Debug */,
				D6080E8D242AAB620037C8C4 /* Release */,
			);
			defaultConfigurationIsVisible = 0;
			defaultConfigurationName = Release;
		};
		D6080E8F242AAB620037C8C4 /* Build configuration list for PBXNativeTarget "mobile WatchKit App" */ = {
			isa = XCConfigurationList;
			buildConfigurations = (
				D6080E90242AAB620037C8C4 /* Debug */,
				D6080E91242AAB620037C8C4 /* Release */,
			);
			defaultConfigurationIsVisible = 0;
			defaultConfigurationName = Release;
		};
		D6080E93242AAB620037C8C4 /* Build configuration list for PBXNativeTarget "mobile" */ = {
			isa = XCConfigurationList;
			buildConfigurations = (
				D6080E94242AAB620037C8C4 /* Debug */,
				D6080E95242AAB620037C8C4 /* Release */,
			);
			defaultConfigurationIsVisible = 0;
			defaultConfigurationName = Release;
		};
/* End XCConfigurationList section */
	};
	rootObject = D6080E46242AAB5F0037C8C4 /* Project object */;
}
